
Microsoft Visual Studio Solution File, Format Version 12.00
Project("{FAE04EC0-301F-11D3-BF4B-00C04F79EFBC}") = "BusinessLookup", "BusinessLookup.csproj", "{E4669FAA-C329-4228-A9FA-87421681CB1D}"
EndProject
Global
	GlobalSection(SolutionConfigurationPlatforms) = preSolution
		Debug|Any CPU = Debug|Any CPU
		Release|Any CPU = Release|Any CPU
	EndGlobalSection
	GlobalSection(ProjectConfigurationPlatforms) = postSolution
		{E4669FAA-C329-4228-A9FA-87421681CB1D}.Debug|Any CPU.ActiveCfg = Debug|Any CPU
		{E4669FAA-C329-4228-A9FA-87421681CB1D}.Debug|Any CPU.Build.0 = Debug|Any CPU
		{E4669FAA-C329-4228-A9FA-87421681CB1D}.Release|Any CPU.ActiveCfg = Release|Any CPU
		{E4669FAA-C329-4228-A9FA-87421681CB1D}.Release|Any CPU.Build.0 = Release|Any CPU
	EndGlobalSection
EndGlobal
