
Microsoft Visual Studio Solution File, Format Version 12.00
Project("{FAE04EC0-301F-11D3-BF4B-00C04F79EFBC}") = "BusinessClient", "BusinessClient.csproj", "{EEBAFC08-8209-47C0-890A-E6CA71F1ACB4}"
EndProject
Global
	GlobalSection(SolutionConfigurationPlatforms) = preSolution
		Debug|Any CPU = Debug|Any CPU
		Release|Any CPU = Release|Any CPU
	EndGlobalSection
	GlobalSection(ProjectConfigurationPlatforms) = postSolution
		{EEBAFC08-8209-47C0-890A-E6CA71F1ACB4}.Debug|Any CPU.ActiveCfg = Debug|Any CPU
		{EEBAFC08-8209-47C0-890A-E6CA71F1ACB4}.Debug|Any CPU.Build.0 = Debug|Any CPU
		{EEBAFC08-8209-47C0-890A-E6CA71F1ACB4}.Release|Any CPU.ActiveCfg = Release|Any CPU
		{EEBAFC08-8209-47C0-890A-E6CA71F1ACB4}.Release|Any CPU.Build.0 = Release|Any CPU
	EndGlobalSection
EndGlobal
